// !$*UTF8*$!
{
	archiveVersion = 1;
	classes = {
	};
	objectVersion = 77;
	objects = {

/* Begin PBXBuildFile section */
		A65AB7B62FEBD1DD00AA5CC4 /* StoreKit.framework in Frameworks */ = {isa = PBXBuildFile; fileRef = A65AB7B52FEBD1DD00AA5CC4 /* StoreKit.framework */; };
		A65AB7BB2FED090500AA5CC4 /* FirebaseAuth in Frameworks */ = {isa = PBXBuildFile; productRef = A65AB7BA2FED090500AA5CC4 /* FirebaseAuth */; };
		A65AB7BD2FED090500AA5CC4 /* FirebaseFirestore in Frameworks */ = {isa = PBXBuildFile; productRef = A65AB7BC2FED090500AA5CC4 /* FirebaseFirestore */; };
		A65EA3652FDB9C64003BCA77 /* WidgetKit.framework in Frameworks */ = {isa = PBXBuildFile; fileRef = A65EA3642FDB9C64003BCA77 /* WidgetKit.framework */; };
		A65EA3672FDB9C64003BCA77 /* SwiftUI.framework in Frameworks */ = {isa = PBXBuildFile; fileRef = A65EA3662FDB9C64003BCA77 /* SwiftUI.framework */; };
		A65EA3782FDB9C65003BCA77 /* PourChoicesLiveActivityExtension.appex in Embed Foundation Extensions */ = {isa = PBXBuildFile; fileRef = A65EA3622FDB9C64003BCA77 /* PourChoicesLiveActivityExtension.appex */; settings = {ATTRIBUTES = (RemoveHeadersOnCopy, ); }; };
/* End PBXBuildFile section */

/* Begin PBXContainerItemProxy section */
		A65EA3762FDB9C65003BCA77 /* PBXContainerItemProxy */ = {
			isa = PBXContainerItemProxy;
			containerPortal = A6B5436B2FD7E2670069C968 /* Project object */;
			proxyType = 1;
			remoteGlobalIDString = A65EA3612FDB9C64003BCA77;
			remoteInfo = PourChoicesLiveActivityExtension;
		};
		A6B543832FD7E2680069C968 /* PBXContainerItemProxy */ = {
			isa = PBXContainerItemProxy;
			containerPortal = A6B5436B2FD7E2670069C968 /* Project object */;
			proxyType = 1;
			remoteGlobalIDString = A6B543722FD7E2670069C968;
			remoteInfo = PourChoices;
		};
		A6B5438D2FD7E2680069C968 /* PBXContainerItemProxy */ = {
			isa = PBXContainerItemProxy;
			containerPortal = A6B5436B2FD7E2670069C968 /* Project object */;
			proxyType = 1;
			remoteGlobalIDString = A6B543722FD7E2670069C968;
			remoteInfo = PourChoices;
		};
/* End PBXContainerItemProxy section */

/* Begin PBXCopyFilesBuildPhase section */
		A65EA37D2FDB9C65003BCA77 /* Embed Foundation Extensions */ = {
			isa = PBXCopyFilesBuildPhase;
			buildActionMask = 2147483647;
			dstPath = "";
			dstSubfolderSpec = 13;
			files = (
				A65EA3782FDB9C65003BCA77 /* PourChoicesLiveActivityExtension.appex in Embed Foundation Extensions */,
			);
			name = "Embed Foundation Extensions";
			runOnlyForDeploymentPostprocessing = 0;
		};
/* End PBXCopyFilesBuildPhase section */

/* Begin PBXFileReference section */
		A65AB7B52FEBD1DD00AA5CC4 /* StoreKit.framework */ = {isa = PBXFileReference; lastKnownFileType = wrapper.framework; name = StoreKit.framework; path = System/Library/Frameworks/StoreKit.framework; sourceTree = SDKROOT; };
		A65EA3622FDB9C64003BCA77 /* PourChoicesLiveActivityExtension.appex */ = {isa = PBXFileReference; explicitFileType = "wrapper.app-extension"; includeInIndex = 0; path = PourChoicesLiveActivityExtension.appex; sourceTree = BUILT_PRODUCTS_DIR; };
		A65EA3642FDB9C64003BCA77 /* WidgetKit.framework */ = {isa = PBXFileReference; lastKnownFileType = wrapper.framework; name = WidgetKit.framework; path = System/Library/Frameworks/WidgetKit.framework; sourceTree = SDKROOT; };
		A65EA3662FDB9C64003BCA77 /* SwiftUI.framework */ = {isa = PBXFileReference; lastKnownFileType = wrapper.framework; name = SwiftUI.framework; path = System/Library/Frameworks/SwiftUI.framework; sourceTree = SDKROOT; };
		A65EA37E2FDB9C83003BCA77 /* PourChoicesLiveActivityExtension.entitlements */ = {isa = PBXFileReference; lastKnownFileType = text.plist.entitlements; path = PourChoicesLiveActivityExtension.entitlements; sourceTree = "<group>"; };
		A6B543732FD7E2670069C968 /* PourChoices.app */ = {isa = PBXFileReference; explicitFileType = wrapper.application; includeInIndex = 0; path = PourChoices.app; sourceTree = BUILT_PRODUCTS_DIR; };
		A6B543822FD7E2680069C968 /* PourChoicesTests.xctest */ = {isa = PBXFileReference; explicitFileType = wrapper.cfbundle; includeInIndex = 0; path = PourChoicesTests.xctest; sourceTree = BUILT_PRODUCTS_DIR; };
		A6B5438C2FD7E2680069C968 /* PourChoicesUITests.xctest */ = {isa = PBXFileReference; explicitFileType = wrapper.cfbundle; includeInIndex = 0; path = PourChoicesUITests.xctest; sourceTree = BUILT_PRODUCTS_DIR; };
/* End PBXFileReference section */

/* Begin PBXFileSystemSynchronizedBuildFileExceptionSet section */
		A65AB7AA2FDFE82B00AA5CC4 /* Exceptions for "PourChoices" folder in "PourChoicesLiveActivityExtension" target */ = {
			isa = PBXFileSystemSynchronizedBuildFileExceptionSet;
			membershipExceptions = (
				Views/ReusableCode/AppColors.swift,
			);
			target = A65EA3612FDB9C64003BCA77 /* PourChoicesLiveActivityExtension */;
		};
		A65EA3792FDB9C65003BCA77 /* Exceptions for "PourChoicesLiveActivity" folder in "PourChoicesLiveActivityExtension" target */ = {
			isa = PBXFileSystemSynchronizedBuildFileExceptionSet;
			membershipExceptions = (
				Info.plist,
			);
			target = A65EA3612FDB9C64003BCA77 /* PourChoicesLiveActivityExtension */;
		};
		A65EA3802FDB9CB7003BCA77 /* Exceptions for "PourChoices" folder in "PourChoices" target */ = {
			isa = PBXFileSystemSynchronizedBuildFileExceptionSet;
			membershipExceptions = (
				Info.plist,
			);
			target = A6B543722FD7E2670069C968 /* PourChoices */;
		};
/* End PBXFileSystemSynchronizedBuildFileExceptionSet section */

/* Begin PBXFileSystemSynchronizedRootGroup section */
		A65EA3682FDB9C64003BCA77 /* PourChoicesLiveActivity */ = {
			isa = PBXFileSystemSynchronizedRootGroup;
			exceptions = (
				A65EA3792FDB9C65003BCA77 /* Exceptions for "PourChoicesLiveActivity" folder in "PourChoicesLiveActivityExtension" target */,
			);
			path = PourChoicesLiveActivity;
			sourceTree = "<group>";
		};
		A6B543752FD7E2670069C968 /* PourChoices */ = {
			isa = PBXFileSystemSynchronizedRootGroup;
			exceptions = (
				A65EA3802FDB9CB7003BCA77 /* Exceptions for "PourChoices" folder in "PourChoices" target */,
				A65AB7AA2FDFE82B00AA5CC4 /* Exceptions for "PourChoices" folder in "PourChoicesLiveActivityExtension" target */,
			);
			path = PourChoices;
			sourceTree = "<group>";
		};
		A6B543852FD7E2680069C968 /* PourChoicesTests */ = {
			isa = PBXFileSystemSynchronizedRootGroup;
			path = PourChoicesTests;
			sourceTree = "<group>";
		};
		A6B5438F2FD7E2680069C968 /* PourChoicesUITests */ = {
			isa = PBXFileSystemSynchronizedRootGroup;
			path = PourChoicesUITests;
			sourceTree = "<group>";
		};
/* End PBXFileSystemSynchronizedRootGroup section */

/* Begin PBXFrameworksBuildPhase section */
		A65EA35F2FDB9C64003BCA77 /* Frameworks */ = {
			isa = PBXFrameworksBuildPhase;
			buildActionMask = 2147483647;
			files = (
				A65EA3672FDB9C64003BCA77 /* SwiftUI.framework in Frameworks */,
				A65EA3652FDB9C64003BCA77 /* WidgetKit.framework in Frameworks */,
			);
			runOnlyForDeploymentPostprocessing = 0;
		};
		A6B543702FD7E2670069C968 /* Frameworks */ = {
			isa = PBXFrameworksBuildPhase;
			buildActionMask = 2147483647;
			files = (
				A65AB7B62FEBD1DD00AA5CC4 /* StoreKit.framework in Frameworks */,
				A65AB7BB2FED090500AA5CC4 /* FirebaseAuth in Frameworks */,
				A65AB7BD2FED090500AA5CC4 /* FirebaseFirestore in Frameworks */,
			);
			runOnlyForDeploymentPostprocessing = 0;
		};
		A6B5437F2FD7E2680069C968 /* Frameworks */ = {
			isa = PBXFrameworksBuildPhase;
			buildActionMask = 2147483647;
			files = (
			);
			runOnlyForDeploymentPostprocessing = 0;
		};
		A6B543892FD7E2680069C968 /* Frameworks */ = {
			isa = PBXFrameworksBuildPhase;
			buildActionMask = 2147483647;
			files = (
			);
			runOnlyForDeploymentPostprocessing = 0;
		};
/* End PBXFrameworksBuildPhase section */

/* Begin PBXGroup section */
		A65EA3632FDB9C64003BCA77 /* Frameworks */ = {
			isa = PBXGroup;
			children = (
				A65AB7B52FEBD1DD00AA5CC4 /* StoreKit.framework */,
				A65EA3642FDB9C64003BCA77 /* WidgetKit.framework */,
				A65EA3662FDB9C64003BCA77 /* SwiftUI.framework */,
			);
			name = Frameworks;
			sourceTree = "<group>";
		};
		A6B5436A2FD7E2670069C968 = {
			isa = PBXGroup;
			children = (
				A65EA37E2FDB9C83003BCA77 /* PourChoicesLiveActivityExtension.entitlements */,
				A6B543752FD7E2670069C968 /* PourChoices */,
				A6B543852FD7E2680069C968 /* PourChoicesTests */,
				A6B5438F2FD7E2680069C968 /* PourChoicesUITests */,
				A65EA3682FDB9C64003BCA77 /* PourChoicesLiveActivity */,
				A65EA3632FDB9C64003BCA77 /* Frameworks */,
				A6B543742FD7E2670069C968 /* Products */,
			);
			sourceTree = "<group>";
		};
		A6B543742FD7E2670069C968 /* Products */ = {
			isa = PBXGroup;
			children = (
				A6B543732FD7E2670069C968 /* PourChoices.app */,
				A6B543822FD7E2680069C968 /* PourChoicesTests.xctest */,
				A6B5438C2FD7E2680069C968 /* PourChoicesUITests.xctest */,
				A65EA3622FDB9C64003BCA77 /* PourChoicesLiveActivityExtension.appex */,
			);
			name = Products;
			sourceTree = "<group>";
		};
/* End PBXGroup section */

/* Begin PBXNativeTarget section */
		A65EA3612FDB9C64003BCA77 /* PourChoicesLiveActivityExtension */ = {
			isa = PBXNativeTarget;
			buildConfigurationList = A65EA37A2FDB9C65003BCA77 /* Build configuration list for PBXNativeTarget "PourChoicesLiveActivityExtension" */;
			buildPhases = (
				A65EA35E2FDB9C64003BCA77 /* Sources */,
				A65EA35F2FDB9C64003BCA77 /* Frameworks */,
				A65EA3602FDB9C64003BCA77 /* Resources */,
			);
			buildRules = (
			);
			dependencies = (
			);
			fileSystemSynchronizedGroups = (
				A65EA3682FDB9C64003BCA77 /* PourChoicesLiveActivity */,
			);
			name = PourChoicesLiveActivityExtension;
			packageProductDependencies = (
			);
			productName = PourChoicesLiveActivityExtension;
			productReference = A65EA3622FDB9C64003BCA77 /* PourChoicesLiveActivityExtension.appex */;
			productType = "com.apple.product-type.app-extension";
		};
		A6B543722FD7E2670069C968 /* PourChoices */ = {
			isa = PBXNativeTarget;
			buildConfigurationList = A6B543962FD7E2680069C968 /* Build configuration list for PBXNativeTarget "PourChoices" */;
			buildPhases = (
				A6B5436F2FD7E2670069C968 /* Sources */,
				A6B543702FD7E2670069C968 /* Frameworks */,
				A6B543712FD7E2670069C968 /* Resources */,
				A65EA37D2FDB9C65003BCA77 /* Embed Foundation Extensions */,
			);
			buildRules = (
			);
			dependencies = (
				A65EA3772FDB9C65003BCA77 /* PBXTargetDependency */,
			);
			fileSystemSynchronizedGroups = (
				A6B543752FD7E2670069C968 /* PourChoices */,
			);
			name = PourChoices;
			packageProductDependencies = (
				A65AB7BA2FED090500AA5CC4 /* FirebaseAuth */,
				A65AB7BC2FED090500AA5CC4 /* FirebaseFirestore */,
			);
			productName = PourChoices;
			productReference = A6B543732FD7E2670069C968 /* PourChoices.app */;
			productType = "com.apple.product-type.application";
		};
		A6B543812FD7E2680069C968 /* PourChoicesTests */ = {
			isa = PBXNativeTarget;
			buildConfigurationList = A6B543992FD7E2680069C968 /* Build configuration list for PBXNativeTarget "PourChoicesTests" */;
			buildPhases = (
				A6B5437E2FD7E2680069C968 /* Sources */,
				A6B5437F2FD7E2680069C968 /* Frameworks */,
				A6B543802FD7E2680069C968 /* Resources */,
			);
			buildRules = (
			);
			dependencies = (
				A6B543842FD7E2680069C968 /* PBXTargetDependency */,
			);
			fileSystemSynchronizedGroups = (
				A6B543852FD7E2680069C968 /* PourChoicesTests */,
			);
			name = PourChoicesTests;
			packageProductDependencies = (
			);
			productName = PourChoicesTests;
			productReference = A6B543822FD7E2680069C968 /* PourChoicesTests.xctest */;
			productType = "com.apple.product-type.bundle.unit-test";
		};
		A6B5438B2FD7E2680069C968 /* PourChoicesUITests */ = {
			isa = PBXNativeTarget;
			buildConfigurationList = A6B5439C2FD7E2680069C968 /* Build configuration list for PBXNativeTarget "PourChoicesUITests" */;
			buildPhases = (
				A6B543882FD7E2680069C968 /* Sources */,
				A6B543892FD7E2680069C968 /* Frameworks */,
				A6B5438A2FD7E2680069C968 /* Resources */,
			);
			buildRules = (
			);
			dependencies = (
				A6B5438E2FD7E2680069C968 /* PBXTargetDependency */,
			);
			fileSystemSynchronizedGroups = (
				A6B5438F2FD7E2680069C968 /* PourChoicesUITests */,
			);
			name = PourChoicesUITests;
			packageProductDependencies = (
			);
			productName = PourChoicesUITests;
			productReference = A6B5438C2FD7E2680069C968 /* PourChoicesUITests.xctest */;
			productType = "com.apple.product-type.bundle.ui-testing";
		};
/* End PBXNativeTarget section */

/* Begin PBXProject section */
		A6B5436B2FD7E2670069C968 /* Project object */ = {
			isa = PBXProject;
			attributes = {
				BuildIndependentTargetsInParallel = 1;
				LastSwiftUpdateCheck = 2630;
				LastUpgradeCheck = 2630;
				TargetAttributes = {
					A65EA3612FDB9C64003BCA77 = {
						CreatedOnToolsVersion = 26.3;
					};
					A6B543722FD7E2670069C968 = {
						CreatedOnToolsVersion = 26.3;
					};
					A6B543812FD7E2680069C968 = {
						CreatedOnToolsVersion = 26.3;
						TestTargetID = A6B543722FD7E2670069C968;
					};
					A6B5438B2FD7E2680069C968 = {
						CreatedOnToolsVersion = 26.3;
						TestTargetID = A6B543722FD7E2670069C968;
					};
				};
			};
			buildConfigurationList = A6B5436E2FD7E2670069C968 /* Build configuration list for PBXProject "PourChoices" */;
			developmentRegion = en;
			hasScannedForEncodings = 0;
			knownRegions = (
				en,
				Base,
			);
			mainGroup = A6B5436A2FD7E2670069C968;
			minimizedProjectReferenceProxies = 1;
			packageReferences = (
				A65AB7B92FED090500AA5CC4 /* XCRemoteSwiftPackageReference "firebase-ios-sdk" */,
			);
			preferredProjectObjectVersion = 77;
			productRefGroup = A6B543742FD7E2670069C968 /* Products */;
			projectDirPath = "";
			projectRoot = "";
			targets = (
				A6B543722FD7E2670069C968 /* PourChoices */,
				A6B543812FD7E2680069C968 /* PourChoicesTests */,
				A6B5438B2FD7E2680069C968 /* PourChoicesUITests */,
				A65EA3612FDB9C64003BCA77 /* PourChoicesLiveActivityExtension */,
			);
		};
/* End PBXProject section */

/* Begin PBXResourcesBuildPhase section */
		A65EA3602FDB9C64003BCA77 /* Resources */ = {
			isa = PBXResourcesBuildPhase;
			buildActionMask = 2147483647;
			files = (
			);
			runOnlyForDeploymentPostprocessing = 0;
		};
		A6B543712FD7E2670069C968 /* Resources */ = {
			isa = PBXResourcesBuildPhase;
			buildActionMask = 2147483647;
			files = (
			);
			runOnlyForDeploymentPostprocessing = 0;
		};
		A6B543802FD7E2680069C968 /* Resources */ = {
			isa = PBXResourcesBuildPhase;
			buildActionMask = 2147483647;
			files = (
			);
			runOnlyForDeploymentPostprocessing = 0;
		};
		A6B5438A2FD7E2680069C968 /* Resources */ = {
			isa = PBXResourcesBuildPhase;
			buildActionMask = 2147483647;
			files = (
			);
			runOnlyForDeploymentPostprocessing = 0;
		};
/* End PBXResourcesBuildPhase section */

/* Begin PBXSourcesBuildPhase section */
		A65EA35E2FDB9C64003BCA77 /* Sources */ = {
			isa = PBXSourcesBuildPhase;
			buildActionMask = 2147483647;
			files = (
			);
			runOnlyForDeploymentPostprocessing = 0;
		};
		A6B5436F2FD7E2670069C968 /* Sources */ = {
			isa = PBXSourcesBuildPhase;
			buildActionMask = 2147483647;
			files = (
			);
			runOnlyForDeploymentPostprocessing = 0;
		};
		A6B5437E2FD7E2680069C968 /* Sources */ = {
			isa = PBXSourcesBuildPhase;
			buildActionMask = 2147483647;
			files = (
			);
			runOnlyForDeploymentPostprocessing = 0;
		};
		A6B543882FD7E2680069C968 /* Sources */ = {
			isa = PBXSourcesBuildPhase;
			buildActionMask = 2147483647;
			files = (
			);
			runOnlyForDeploymentPostprocessing = 0;
		};
/* End PBXSourcesBuildPhase section */

/* Begin PBXTargetDependency section */
		A65EA3772FDB9C65003BCA77 /* PBXTargetDependency */ = {
			isa = PBXTargetDependency;
			target = A65EA3612FDB9C64003BCA77 /* PourChoicesLiveActivityExtension */;
			targetProxy = A65EA3762FDB9C65003BCA77 /* PBXContainerItemProxy */;
		};
		A6B543842FD7E2680069C968 /* PBXTargetDependency */ = {
			isa = PBXTargetDependency;
			target = A6B543722FD7E2670069C968 /* PourChoices */;
			targetProxy = A6B543832FD7E2680069C968 /* PBXContainerItemProxy */;
		};
		A6B5438E2FD7E2680069C968 /* PBXTargetDependency */ = {
			isa = PBXTargetDependency;
			target = A6B543722FD7E2670069C968 /* PourChoices */;
			targetProxy = A6B5438D2FD7E2680069C968 /* PBXContainerItemProxy */;
		};
/* End PBXTargetDependency section */

/* Begin XCBuildConfiguration section */
		A65EA37B2FDB9C65003BCA77 /* Debug */ = {
			isa = XCBuildConfiguration;
			buildSettings = {
				ASSETCATALOG_COMPILER_GLOBAL_ACCENT_COLOR_NAME = AccentColor;
				ASSETCATALOG_COMPILER_WIDGET_BACKGROUND_COLOR_NAME = WidgetBackground;
				CODE_SIGN_ENTITLEMENTS = PourChoicesLiveActivityExtension.entitlements;
				CODE_SIGN_STYLE = Automatic;
				CURRENT_PROJECT_VERSION = 1;
				DEVELOPMENT_TEAM = GYYZ6MPM98;
				GENERATE_INFOPLIST_FILE = YES;
				INFOPLIST_FILE = PourChoicesLiveActivity/Info.plist;
				INFOPLIST_KEY_CFBundleDisplayName = PourChoicesLiveActivity;
				INFOPLIST_KEY_NSHumanReadableCopyright = "";
				INFOPLIST_KEY_NSSupportsLiveActivitiesFrequentUpdates = YES;
				LD_RUNPATH_SEARCH_PATHS = (
					"$(inherited)",
					"@executable_path/Frameworks",
					"@executable_path/../../Frameworks",
				);
				MARKETING_VERSION = 1.0;
				PRODUCT_BUNDLE_IDENTIFIER = com.lkartvedt.PourChoices.PourChoicesLiveActivity;
				PRODUCT_NAME = "$(TARGET_NAME)";
				SKIP_INSTALL = YES;
				STRING_CATALOG_GENERATE_SYMBOLS = YES;
				SWIFT_APPROACHABLE_CONCURRENCY = YES;
				SWIFT_EMIT_LOC_STRINGS = YES;
				SWIFT_UPCOMING_FEATURE_MEMBER_IMPORT_VISIBILITY = YES;
				SWIFT_VERSION = 5.0;
				TARGETED_DEVICE_FAMILY = "1,2";
			};
			name = Debug;
		};
		A65EA37C2FDB9C65003BCA77 /* Release */ = {
			isa = XCBuildConfiguration;
			buildSettings = {
				ASSETCATALOG_COMPILER_GLOBAL_ACCENT_COLOR_NAME = AccentColor;
				ASSETCATALOG_COMPILER_WIDGET_BACKGROUND_COLOR_NAME = WidgetBackground;
				CODE_SIGN_ENTITLEMENTS = PourChoicesLiveActivityExtension.entitlements;
				CODE_SIGN_STYLE = Automatic;
				CURRENT_PROJECT_VERSION = 1;
				DEVELOPMENT_TEAM = GYYZ6MPM98;
				GENERATE_INFOPLIST_FILE = YES;
				INFOPLIST_FILE = PourChoicesLiveActivity/Info.plist;
				INFOPLIST_KEY_CFBundleDisplayName = PourChoicesLiveActivity;
				INFOPLIST_KEY_NSHumanReadableCopyright = "";
				INFOPLIST_KEY_NSSupportsLiveActivitiesFrequentUpdates = YES;
				LD_RUNPATH_SEARCH_PATHS = (
					"$(inherited)",
					"@executable_path/Frameworks",
					"@executable_path/../../Frameworks",
				);
				MARKETING_VERSION = 1.0;
				PRODUCT_BUNDLE_IDENTIFIER = com.lkartvedt.PourChoices.PourChoicesLiveActivity;
				PRODUCT_NAME = "$(TARGET_NAME)";
				SKIP_INSTALL = YES;
				STRING_CATALOG_GENERATE_SYMBOLS = YES;
				SWIFT_APPROACHABLE_CONCURRENCY = YES;
				SWIFT_EMIT_LOC_STRINGS = YES;
				SWIFT_UPCOMING_FEATURE_MEMBER_IMPORT_VISIBILITY = YES;
				SWIFT_VERSION = 5.0;
				TARGETED_DEVICE_FAMILY = "1,2";
			};
			name = Release;
		};
		A6B543942FD7E2680069C968 /* Debug */ = {
			isa = XCBuildConfiguration;
			buildSettings = {
				ALWAYS_SEARCH_USER_PATHS = NO;
				ASSETCATALOG_COMPILER_GENERATE_SWIFT_ASSET_SYMBOL_EXTENSIONS = YES;
				CLANG_ANALYZER_NONNULL = YES;
				CLANG_ANALYZER_NUMBER_OBJECT_CONVERSION = YES_AGGRESSIVE;
				CLANG_CXX_LANGUAGE_STANDARD = "gnu++20";
				CLANG_ENABLE_MODULES = YES;
				CLANG_ENABLE_OBJC_ARC = YES;
				CLANG_ENABLE_OBJC_WEAK = YES;
				CLANG_WARN_BLOCK_CAPTURE_AUTORELEASING = YES;
				CLANG_WARN_BOOL_CONVERSION = YES;
				CLANG_WARN_COMMA = YES;
				CLANG_WARN_CONSTANT_CONVERSION = YES;
				CLANG_WARN_DEPRECATED_OBJC_IMPLEMENTATIONS = YES;
				CLANG_WARN_DIRECT_OBJC_ISA_USAGE = YES_ERROR;
				CLANG_WARN_DOCUMENTATION_COMMENTS = YES;
				CLANG_WARN_EMPTY_BODY = YES;
				CLANG_WARN_ENUM_CONVERSION = YES;
				CLANG_WARN_INFINITE_RECURSION = YES;
				CLANG_WARN_INT_CONVERSION = YES;
				CLANG_WARN_NON_LITERAL_NULL_CONVERSION = YES;
				CLANG_WARN_OBJC_IMPLICIT_RETAIN_SELF = YES;
				CLANG_WARN_OBJC_LITERAL_CONVERSION = YES;
				CLANG_WARN_OBJC_ROOT_CLASS = YES_ERROR;
				CLANG_WARN_QUOTED_INCLUDE_IN_FRAMEWORK_HEADER = YES;
				CLANG_WARN_RANGE_LOOP_ANALYSIS = YES;
				CLANG_WARN_STRICT_PROTOTYPES = YES;
				CLANG_WARN_SUSPICIOUS_MOVE = YES;
				CLANG_WARN_UNGUARDED_AVAILABILITY = YES_AGGRESSIVE;
				CLANG_WARN_UNREACHABLE_CODE = YES;
				CLANG_WARN__DUPLICATE_METHOD_MATCH = YES;
				COPY_PHASE_STRIP = NO;
				DEBUG_INFORMATION_FORMAT = dwarf;
				DEVELOPMENT_TEAM = GYYZ6MPM98;
				ENABLE_STRICT_OBJC_MSGSEND = YES;
				ENABLE_TESTABILITY = YES;
				ENABLE_USER_SCRIPT_SANDBOXING = YES;
				GCC_C_LANGUAGE_STANDARD = gnu17;
				GCC_DYNAMIC_NO_PIC = NO;
				GCC_NO_COMMON_BLOCKS = YES;
				GCC_OPTIMIZATION_LEVEL = 0;
				GCC_PREPROCESSOR_DEFINITIONS = (
					"DEBUG=1",
					"$(inherited)",
				);
				GCC_WARN_64_TO_32_BIT_CONVERSION = YES;
				GCC_WARN_ABOUT_RETURN_TYPE = YES_ERROR;
				GCC_WARN_UNDECLARED_SELECTOR = YES;
				GCC_WARN_UNINITIALIZED_AUTOS = YES_AGGRESSIVE;
				GCC_WARN_UNUSED_FUNCTION = YES;
				GCC_WARN_UNUSED_VARIABLE = YES;
				IPHONEOS_DEPLOYMENT_TARGET = 26.2;
				LOCALIZATION_PREFERS_STRING_CATALOGS = YES;
				MTL_ENABLE_DEBUG_INFO = INCLUDE_SOURCE;
				MTL_FAST_MATH = YES;
				ONLY_ACTIVE_ARCH = YES;
				SDKROOT = iphoneos;
				SWIFT_ACTIVE_COMPILATION_CONDITIONS = "DEBUG $(inherited)";
				SWIFT_OPTIMIZATION_LEVEL = "-Onone";
			};
			name = Debug;
		};
		A6B543952FD7E2680069C968 /* Release */ = {
			isa = XCBuildConfiguration;
			buildSettings = {
				ALWAYS_SEARCH_USER_PATHS = NO;
				ASSETCATALOG_COMPILER_GENERATE_SWIFT_ASSET_SYMBOL_EXTENSIONS = YES;
				CLANG_ANALYZER_NONNULL = YES;
				CLANG_ANALYZER_NUMBER_OBJECT_CONVERSION = YES_AGGRESSIVE;
				CLANG_CXX_LANGUAGE_STANDARD = "gnu++20";
				CLANG_ENABLE_MODULES = YES;
				CLANG_ENABLE_OBJC_ARC = YES;
				CLANG_ENABLE_OBJC_WEAK = YES;
				CLANG_WARN_BLOCK_CAPTURE_AUTORELEASING = YES;
				CLANG_WARN_BOOL_CONVERSION = YES;
				CLANG_WARN_COMMA = YES;
				CLANG_WARN_CONSTANT_CONVERSION = YES;
				CLANG_WARN_DEPRECATED_OBJC_IMPLEMENTATIONS = YES;
				CLANG_WARN_DIRECT_OBJC_ISA_USAGE = YES_ERROR;
				CLANG_WARN_DOCUMENTATION_COMMENTS = YES;
				CLANG_WARN_EMPTY_BODY = YES;
				CLANG_WARN_ENUM_CONVERSION = YES;
				CLANG_WARN_INFINITE_RECURSION = YES;
				CLANG_WARN_INT_CONVERSION = YES;
				CLANG_WARN_NON_LITERAL_NULL_CONVERSION = YES;
				CLANG_WARN_OBJC_IMPLICIT_RETAIN_SELF = YES;
				CLANG_WARN_OBJC_LITERAL_CONVERSION = YES;
				CLANG_WARN_OBJC_ROOT_CLASS = YES_ERROR;
				CLANG_WARN_QUOTED_INCLUDE_IN_FRAMEWORK_HEADER = YES;
				CLANG_WARN_RANGE_LOOP_ANALYSIS = YES;
				CLANG_WARN_STRICT_PROTOTYPES = YES;
				CLANG_WARN_SUSPICIOUS_MOVE = YES;
				CLANG_WARN_UNGUARDED_AVAILABILITY = YES_AGGRESSIVE;
				CLANG_WARN_UNREACHABLE_CODE = YES;
				CLANG_WARN__DUPLICATE_METHOD_MATCH = YES;
				COPY_PHASE_STRIP = NO;
				DEBUG_INFORMATION_FORMAT = "dwarf-with-dsym";
				DEVELOPMENT_TEAM = GYYZ6MPM98;
				ENABLE_NS_ASSERTIONS = NO;
				ENABLE_STRICT_OBJC_MSGSEND = YES;
				ENABLE_USER_SCRIPT_SANDBOXING = YES;
				GCC_C_LANGUAGE_STANDARD = gnu17;
				GCC_NO_COMMON_BLOCKS = YES;
				GCC_WARN_64_TO_32_BIT_CONVERSION = YES;
				GCC_WARN_ABOUT_RETURN_TYPE = YES_ERROR;
				GCC_WARN_UNDECLARED_SELECTOR = YES;
				GCC_WARN_UNINITIALIZED_AUTOS = YES_AGGRESSIVE;
				GCC_WARN_UNUSED_FUNCTION = YES;
				GCC_WARN_UNUSED_VARIABLE = YES;
				IPHONEOS_DEPLOYMENT_TARGET = 26.2;
				LOCALIZATION_PREFERS_STRING_CATALOGS = YES;
				MTL_ENABLE_DEBUG_INFO = NO;
				MTL_FAST_MATH = YES;
				SDKROOT = iphoneos;
				SWIFT_COMPILATION_MODE = wholemodule;
				VALIDATE_PRODUCT = YES;
			};
			name = Release;
		};
		A6B543972FD7E2680069C968 /* Debug */ = {
			isa = XCBuildConfiguration;
			buildSettings = {
				ASSETCATALOG_COMPILER_APPICON_NAME = AppIcon;
				ASSETCATALOG_COMPILER_GLOBAL_ACCENT_COLOR_NAME = AccentColor;
				CODE_SIGN_ENTITLEMENTS = PourChoices/PourChoices.entitlements;
				CODE_SIGN_STYLE = Automatic;
				CURRENT_PROJECT_VERSION = 1;
				DEVELOPMENT_TEAM = GYYZ6MPM98;
				ENABLE_PREVIEWS = YES;
				GENERATE_INFOPLIST_FILE = YES;
				INFOPLIST_FILE = PourChoices/Info.plist;
				INFOPLIST_KEY_NSLocationWhenInUseUsageDescription = "Pour Choices tracks your location to automatically log bar hops and show your route on the map. Your location data stays private on your device.";
				INFOPLIST_KEY_NSSupportsLiveActivities = YES;
				INFOPLIST_KEY_UIApplicationSceneManifest_Generation = YES;
				INFOPLIST_KEY_UIApplicationSupportsIndirectInputEvents = YES;
				INFOPLIST_KEY_UILaunchScreen_Generation = YES;
				INFOPLIST_KEY_UISupportedInterfaceOrientations_iPad = "UIInterfaceOrientationPortrait UIInterfaceOrientationPortraitUpsideDown UIInterfaceOrientationLandscapeLeft UIInterfaceOrientationLandscapeRight";
				INFOPLIST_KEY_UISupportedInterfaceOrientations_iPhone = "UIInterfaceOrientationPortrait UIInterfaceOrientationLandscapeLeft UIInterfaceOrientationLandscapeRight";
				LD_RUNPATH_SEARCH_PATHS = (
					"$(inherited)",
					"@executable_path/Frameworks",
				);
				MARKETING_VERSION = 1.0;
				PRODUCT_BUNDLE_IDENTIFIER = com.lkartvedt.PourChoices;
				PRODUCT_NAME = "$(TARGET_NAME)";
				STRING_CATALOG_GENERATE_SYMBOLS = YES;
				SWIFT_APPROACHABLE_CONCURRENCY = YES;
				SWIFT_DEFAULT_ACTOR_ISOLATION = MainActor;
				SWIFT_EMIT_LOC_STRINGS = YES;
				SWIFT_UPCOMING_FEATURE_MEMBER_IMPORT_VISIBILITY = YES;
				SWIFT_VERSION = 5.0;
				TARGETED_DEVICE_FAMILY = "1,2";
			};
			name = Debug;
		};
		A6B543982FD7E2680069C968 /* Release */ = {
			isa = XCBuildConfiguration;
			buildSettings = {
				ASSETCATALOG_COMPILER_APPICON_NAME = AppIcon;
				ASSETCATALOG_COMPILER_GLOBAL_ACCENT_COLOR_NAME = AccentColor;
				CODE_SIGN_ENTITLEMENTS = PourChoices/PourChoices.entitlements;
				CODE_SIGN_STYLE = Automatic;
				CURRENT_PROJECT_VERSION = 1;
				DEVELOPMENT_TEAM = GYYZ6MPM98;
				ENABLE_PREVIEWS = YES;
				GENERATE_INFOPLIST_FILE = YES;
				INFOPLIST_FILE = PourChoices/Info.plist;
				INFOPLIST_KEY_NSLocationWhenInUseUsageDescription = "Pour Choices tracks your location to automatically log bar hops and show your route on the map. Your location data stays private on your device.";
				INFOPLIST_KEY_NSSupportsLiveActivities = YES;
				INFOPLIST_KEY_UIApplicationSceneManifest_Generation = YES;
				INFOPLIST_KEY_UIApplicationSupportsIndirectInputEvents = YES;
				INFOPLIST_KEY_UILaunchScreen_Generation = YES;
				INFOPLIST_KEY_UISupportedInterfaceOrientations_iPad = "UIInterfaceOrientationPortrait UIInterfaceOrientationPortraitUpsideDown UIInterfaceOrientationLandscapeLeft UIInterfaceOrientationLandscapeRight";
				INFOPLIST_KEY_UISupportedInterfaceOrientations_iPhone = "UIInterfaceOrientationPortrait UIInterfaceOrientationLandscapeLeft UIInterfaceOrientationLandscapeRight";
				LD_RUNPATH_SEARCH_PATHS = (
					"$(inherited)",
					"@executable_path/Frameworks",
				);
				MARKETING_VERSION = 1.0;
				PRODUCT_BUNDLE_IDENTIFIER = com.lkartvedt.PourChoices;
				PRODUCT_NAME = "$(TARGET_NAME)";
				STRING_CATALOG_GENERATE_SYMBOLS = YES;
				SWIFT_APPROACHABLE_CONCURRENCY = YES;
				SWIFT_DEFAULT_ACTOR_ISOLATION = MainActor;
				SWIFT_EMIT_LOC_STRINGS = YES;
				SWIFT_UPCOMING_FEATURE_MEMBER_IMPORT_VISIBILITY = YES;
				SWIFT_VERSION = 5.0;
				TARGETED_DEVICE_FAMILY = "1,2";
			};
			name = Release;
		};
		A6B5439A2FD7E2680069C968 /* Debug */ = {
			isa = XCBuildConfiguration;
			buildSettings = {
				BUNDLE_LOADER = "$(TEST_HOST)";
				CODE_SIGN_STYLE = Automatic;
				CURRENT_PROJECT_VERSION = 1;
				DEVELOPMENT_TEAM = GYYZ6MPM98;
				GENERATE_INFOPLIST_FILE = YES;
				IPHONEOS_DEPLOYMENT_TARGET = 26.2;
				MARKETING_VERSION = 1.0;
				PRODUCT_BUNDLE_IDENTIFIER = com.lkartvedt.PourChoicesTests;
				PRODUCT_NAME = "$(TARGET_NAME)";
				STRING_CATALOG_GENERATE_SYMBOLS = NO;
				SWIFT_APPROACHABLE_CONCURRENCY = YES;
				SWIFT_EMIT_LOC_STRINGS = NO;
				SWIFT_UPCOMING_FEATURE_MEMBER_IMPORT_VISIBILITY = YES;
				SWIFT_VERSION = 5.0;
				TARGETED_DEVICE_FAMILY = "1,2";
				TEST_HOST = "$(BUILT_PRODUCTS_DIR)/PourChoices.app/$(BUNDLE_EXECUTABLE_FOLDER_PATH)/PourChoices";
			};
			name = Debug;
		};
		A6B5439B2FD7E2680069C968 /* Release */ = {
			isa = XCBuildConfiguration;
			buildSettings = {
				BUNDLE_LOADER = "$(TEST_HOST)";
				CODE_SIGN_STYLE = Automatic;
				CURRENT_PROJECT_VERSION = 1;
				DEVELOPMENT_TEAM = GYYZ6MPM98;
				GENERATE_INFOPLIST_FILE = YES;
				IPHONEOS_DEPLOYMENT_TARGET = 26.2;
				MARKETING_VERSION = 1.0;
				PRODUCT_BUNDLE_IDENTIFIER = com.lkartvedt.PourChoicesTests;
				PRODUCT_NAME = "$(TARGET_NAME)";
				STRING_CATALOG_GENERATE_SYMBOLS = NO;
				SWIFT_APPROACHABLE_CONCURRENCY = YES;
				SWIFT_EMIT_LOC_STRINGS = NO;
				SWIFT_UPCOMING_FEATURE_MEMBER_IMPORT_VISIBILITY = YES;
				SWIFT_VERSION = 5.0;
				TARGETED_DEVICE_FAMILY = "1,2";
				TEST_HOST = "$(BUILT_PRODUCTS_DIR)/PourChoices.app/$(BUNDLE_EXECUTABLE_FOLDER_PATH)/PourChoices";
			};
			name = Release;
		};
		A6B5439D2FD7E2680069C968 /* Debug */ = {
			isa = XCBuildConfiguration;
			buildSettings = {
				CODE_SIGN_STYLE = Automatic;
				CURRENT_PROJECT_VERSION = 1;
				DEVELOPMENT_TEAM = GYYZ6MPM98;
				GENERATE_INFOPLIST_FILE = YES;
				MARKETING_VERSION = 1.0;
				PRODUCT_BUNDLE_IDENTIFIER = com.lkartvedt.PourChoicesUITests;
				PRODUCT_NAME = "$(TARGET_NAME)";
				STRING_CATALOG_GENERATE_SYMBOLS = NO;
				SWIFT_APPROACHABLE_CONCURRENCY = YES;
				SWIFT_EMIT_LOC_STRINGS = NO;
				SWIFT_UPCOMING_FEATURE_MEMBER_IMPORT_VISIBILITY = YES;
				SWIFT_VERSION = 5.0;
				TARGETED_DEVICE_FAMILY = "1,2";
				TEST_TARGET_NAME = PourChoices;
			};
			name = Debug;
		};
		A6B5439E2FD7E2680069C968 /* Release */ = {
			isa = XCBuildConfiguration;
			buildSettings = {
				CODE_SIGN_STYLE = Automatic;
				CURRENT_PROJECT_VERSION = 1;
				DEVELOPMENT_TEAM = GYYZ6MPM98;
				GENERATE_INFOPLIST_FILE = YES;
				MARKETING_VERSION = 1.0;
				PRODUCT_BUNDLE_IDENTIFIER = com.lkartvedt.PourChoicesUITests;
				PRODUCT_NAME = "$(TARGET_NAME)";
				STRING_CATALOG_GENERATE_SYMBOLS = NO;
				SWIFT_APPROACHABLE_CONCURRENCY = YES;
				SWIFT_EMIT_LOC_STRINGS = NO;
				SWIFT_UPCOMING_FEATURE_MEMBER_IMPORT_VISIBILITY = YES;
				SWIFT_VERSION = 5.0;
				TARGETED_DEVICE_FAMILY = "1,2";
				TEST_TARGET_NAME = PourChoices;
			};
			name = Release;
		};
/* End XCBuildConfiguration section */

/* Begin XCConfigurationList section */
		A65EA37A2FDB9C65003BCA77 /* Build configuration list for PBXNativeTarget "PourChoicesLiveActivityExtension" */ = {
			isa = XCConfigurationList;
			buildConfigurations = (
				A65EA37B2FDB9C65003BCA77 /* Debug */,
				A65EA37C2FDB9C65003BCA77 /* Release */,
			);
			defaultConfigurationIsVisible = 0;
			defaultConfigurationName = Release;
		};
		A6B5436E2FD7E2670069C968 /* Build configuration list for PBXProject "PourChoices" */ = {
			isa = XCConfigurationList;
			buildConfigurations = (
				A6B543942FD7E2680069C968 /* Debug */,
				A6B543952FD7E2680069C968 /* Release */,
			);
			defaultConfigurationIsVisible = 0;
			defaultConfigurationName = Release;
		};
		A6B543962FD7E2680069C968 /* Build configuration list for PBXNativeTarget "PourChoices" */ = {
			isa = XCConfigurationList;
			buildConfigurations = (
				A6B543972FD7E2680069C968 /* Debug */,
				A6B543982FD7E2680069C968 /* Release */,
			);
			defaultConfigurationIsVisible = 0;
			defaultConfigurationName = Release;
		};
		A6B543992FD7E2680069C968 /* Build configuration list for PBXNativeTarget "PourChoicesTests" */ = {
			isa = XCConfigurationList;
			buildConfigurations = (
				A6B5439A2FD7E2680069C968 /* Debug */,
				A6B5439B2FD7E2680069C968 /* Release */,
			);
			defaultConfigurationIsVisible = 0;
			defaultConfigurationName = Release;
		};
		A6B5439C2FD7E2680069C968 /* Build configuration list for PBXNativeTarget "PourChoicesUITests" */ = {
			isa = XCConfigurationList;
			buildConfigurations = (
				A6B5439D2FD7E2680069C968 /* Debug */,
				A6B5439E2FD7E2680069C968 /* Release */,
			);
			defaultConfigurationIsVisible = 0;
			defaultConfigurationName = Release;
		};
/* End XCConfigurationList section */

/* Begin XCRemoteSwiftPackageReference section */
		A65AB7B92FED090500AA5CC4 /* XCRemoteSwiftPackageReference "firebase-ios-sdk" */ = {
			isa = XCRemoteSwiftPackageReference;
			repositoryURL = "https://github.com/firebase/firebase-ios-sdk";
			requirement = {
				kind = upToNextMajorVersion;
				minimumVersion = 12.15.0;
			};
		};
/* End XCRemoteSwiftPackageReference section */

/* Begin XCSwiftPackageProductDependency section */
		A65AB7BA2FED090500AA5CC4 /* FirebaseAuth */ = {
			isa = XCSwiftPackageProductDependency;
			package = A65AB7B92FED090500AA5CC4 /* XCRemoteSwiftPackageReference "firebase-ios-sdk" */;
			productName = FirebaseAuth;
		};
		A65AB7BC2FED090500AA5CC4 /* FirebaseFirestore */ = {
			isa = XCSwiftPackageProductDependency;
			package = A65AB7B92FED090500AA5CC4 /* XCRemoteSwiftPackageReference "firebase-ios-sdk" */;
			productName = FirebaseFirestore;
		};
/* End XCSwiftPackageProductDependency section */
	};
	rootObject = A6B5436B2FD7E2670069C968 /* Project object */;
}
